// !$*UTF8*$!
{
	archiveVersion = 1;
	classes = {
	};
	objectVersion = 51;
	objects = {

/* Begin PBXBuildFile section */
		CBEA9C327D0A1CA6A02490CE /* Pods_Cards.framework in Frameworks */ = {isa = PBXBuildFile; fileRef = AEFBD60F7DC07F100321EA16 /* Pods_Cards.framework */; };
		FA0ECCA721ADDFC00075D0AC /* CardSearchViewController.swift in Sources */ = {isa = PBXBuildFile; fileRef = FA0ECCA621ADDFC00075D0AC /* CardSearchViewController.swift */; };
		FA0ECCA921AF2E060075D0AC /* Magic.swift in Sources */ = {isa = PBXBuildFile; fileRef = FA0ECCA821AF2E060075D0AC /* Magic.swift */; };
		FA0ECCAB21AF372F0075D0AC /* CardEntity.swift in Sources */ = {isa = PBXBuildFile; fileRef = FA0ECCAA21AF372F0075D0AC /* CardEntity.swift */; };
		FA0ECCAD21AF38890075D0AC /* CardTrackerModel.swift in Sources */ = {isa = PBXBuildFile; fileRef = FA0ECCAC21AF38890075D0AC /* CardTrackerModel.swift */; };
		FA0ECCB021B082900075D0AC /* CardCell.swift in Sources */ = {isa = PBXBuildFile; fileRef = FA0ECCAF21B082900075D0AC /* CardCell.swift */; };
		FAE0960B21ADD35E005D70E8 /* AppDelegate.swift in Sources */ = {isa = PBXBuildFile; fileRef = FAE0960A21ADD35E005D70E8 /* AppDelegate.swift */; };
		FAE0961021ADD35E005D70E8 /* Main.storyboard in Resources */ = {isa = PBXBuildFile; fileRef = FAE0960E21ADD35E005D70E8 /* Main.storyboard */; };
		FAE0961221ADD361005D70E8 /* Assets.xcassets in Resources */ = {isa = PBXBuildFile; fileRef = FAE0961121ADD361005D70E8 /* Assets.xcassets */; };
		FAE0961521ADD361005D70E8 /* LaunchScreen.storyboard in Resources */ = {isa = PBXBuildFile; fileRef = FAE0961321ADD361005D70E8 /* LaunchScreen.storyboard */; };
/* End PBXBuildFile section */

/* Begin PBXFileReference section */
		1213FD95FEFCC53EA1C5723E /* Pods-Cards.debug.xcconfig */ = {isa = PBXFileReference; includeInIndex = 1; lastKnownFileType = text.xcconfig; name = "Pods-Cards.debug.xcconfig"; path = "Pods/Target Support Files/Pods-Cards/Pods-Cards.debug.xcconfig"; sourceTree = "<group>"; };
		AEFBD60F7DC07F100321EA16 /* Pods_Cards.framework */ = {isa = PBXFileReference; explicitFileType = wrapper.framework; includeInIndex = 0; path = Pods_Cards.framework; sourceTree = BUILT_PRODUCTS_DIR; };
		FA0ECCA621ADDFC00075D0AC /* CardSearchViewController.swift */ = {isa = PBXFileReference; lastKnownFileType = sourcecode.swift; path = CardSearchViewController.swift; sourceTree = "<group>"; };
		FA0ECCA821AF2E060075D0AC /* Magic.swift */ = {isa = PBXFileReference; lastKnownFileType = sourcecode.swift; path = Magic.swift; sourceTree = "<group>"; };
		FA0ECCAA21AF372F0075D0AC /* CardEntity.swift */ = {isa = PBXFileReference; lastKnownFileType = sourcecode.swift; path = CardEntity.swift; sourceTree = "<group>"; };
		FA0ECCAC21AF38890075D0AC /* CardTrackerModel.swift */ = {isa = PBXFileReference; lastKnownFileType = sourcecode.swift; path = CardTrackerModel.swift; sourceTree = "<group>"; };
		FA0ECCAF21B082900075D0AC /* CardCell.swift */ = {isa = PBXFileReference; lastKnownFileType = sourcecode.swift; path = CardCell.swift; sourceTree = "<group>"; };
		FAE0960721ADD35E005D70E8 /* Cards.app */ = {isa = PBXFileReference; explicitFileType = wrapper.application; includeInIndex = 0; path = Cards.app; sourceTree = BUILT_PRODUCTS_DIR; };
		FAE0960A21ADD35E005D70E8 /* AppDelegate.swift */ = {isa = PBXFileReference; lastKnownFileType = sourcecode.swift; path = AppDelegate.swift; sourceTree = "<group>"; };
		FAE0960F21ADD35E005D70E8 /* Base */ = {isa = PBXFileReference; lastKnownFileType = file.storyboard; name = Base; path = Base.lproj/Main.storyboard; sourceTree = "<group>"; };
		FAE0961121ADD361005D70E8 /* Assets.xcassets */ = {isa = PBXFileReference; lastKnownFileType = folder.assetcatalog; path = Assets.xcassets; sourceTree = "<group>"; };
		FAE0961421ADD361005D70E8 /* Base */ = {isa = PBXFileReference; lastKnownFileType = file.storyboard; name = Base; path = Base.lproj/LaunchScreen.storyboard; sourceTree = "<group>"; };
		FAE0961621ADD361005D70E8 /* Info.plist */ = {isa = PBXFileReference; lastKnownFileType = text.plist.xml; path = Info.plist; sourceTree = "<group>"; };
		FF473C2B85D4D02D6A0EBCAA /* Pods-Cards.release.xcconfig */ = {isa = PBXFileReference; includeInIndex = 1; lastKnownFileType = text.xcconfig; name = "Pods-Cards.release.xcconfig"; path = "Pods/Target Support Files/Pods-Cards/Pods-Cards.release.xcconfig"; sourceTree = "<group>"; };
/* End PBXFileReference section */

/* Begin PBXFrameworksBuildPhase section */
		FAE0960421ADD35D005D70E8 /* Frameworks */ = {
			isa = PBXFrameworksBuildPhase;
			buildActionMask = 2147483647;
			files = (
				CBEA9C327D0A1CA6A02490CE /* Pods_Cards.framework in Frameworks */,
			);
			runOnlyForDeploymentPostprocessing = 0;
		};
/* End PBXFrameworksBuildPhase section */

/* Begin PBXGroup section */
		30A0B2D05289F4DFD46F5D52 /* Pods */ = {
			isa = PBXGroup;
			children = (
				1213FD95FEFCC53EA1C5723E /* Pods-Cards.debug.xcconfig */,
				FF473C2B85D4D02D6A0EBCAA /* Pods-Cards.release.xcconfig */,
			);
			name = Pods;
			sourceTree = "<group>";
		};
		E0A49D81B1E0493F51B954EE /* Frameworks */ = {
			isa = PBXGroup;
			children = (
				AEFBD60F7DC07F100321EA16 /* Pods_Cards.framework */,
			);
			name = Frameworks;
			sourceTree = "<group>";
		};
		FA0ECCA321ADD9820075D0AC /* View */ = {
			isa = PBXGroup;
			children = (
				FA0ECCB121B091E30075D0AC /* Cells */,
				FA0ECCA621ADDFC00075D0AC /* CardSearchViewController.swift */,
			);
			path = View;
			sourceTree = "<group>";
		};
		FA0ECCA521ADD98E0075D0AC /* Models */ = {
			isa = PBXGroup;
			children = (
				FA0ECCAA21AF372F0075D0AC /* CardEntity.swift */,
				FA0ECCAC21AF38890075D0AC /* CardTrackerModel.swift */,
			);
			path = Models;
			sourceTree = "<group>";
		};
		FA0ECCB121B091E30075D0AC /* Cells */ = {
			isa = PBXGroup;
			children = (
				FA0ECCAF21B082900075D0AC /* CardCell.swift */,
			);
			path = Cells;
			sourceTree = "<group>";
		};
		FA0ECCB221B092070075D0AC /* Networking */ = {
			isa = PBXGroup;
			children = (
				FA0ECCA821AF2E060075D0AC /* Magic.swift */,
			);
			path = Networking;
			sourceTree = "<group>";
		};
		FAE095FE21ADD35D005D70E8 = {
			isa = PBXGroup;
			children = (
				FAE0960921ADD35E005D70E8 /* Cards */,
				FAE0960821ADD35E005D70E8 /* Products */,
				30A0B2D05289F4DFD46F5D52 /* Pods */,
				E0A49D81B1E0493F51B954EE /* Frameworks */,
			);
			sourceTree = "<group>";
		};
		FAE0960821ADD35E005D70E8 /* Products */ = {
			isa = PBXGroup;
			children = (
				FAE0960721ADD35E005D70E8 /* Cards.app */,
			);
			name = Products;
			sourceTree = "<group>";
		};
		FAE0960921ADD35E005D70E8 /* Cards */ = {
			isa = PBXGroup;
			children = (
				FA0ECCB221B092070075D0AC /* Networking */,
				FA0ECCA521ADD98E0075D0AC /* Models */,
				FA0ECCA321ADD9820075D0AC /* View */,
				FAE0960E21ADD35E005D70E8 /* Main.storyboard */,
				FAE0961121ADD361005D70E8 /* Assets.xcassets */,
				FAE0961321ADD361005D70E8 /* LaunchScreen.storyboard */,
				FAE0960A21ADD35E005D70E8 /* AppDelegate.swift */,
				FAE0961621ADD361005D70E8 /* Info.plist */,
			);
			path = Cards;
			sourceTree = "<group>";
		};
/* End PBXGroup section */

/* Begin PBXNativeTarget section */
		FAE0960621ADD35D005D70E8 /* Cards */ = {
			isa = PBXNativeTarget;
			buildConfigurationList = FAE0961921ADD361005D70E8 /* Build configuration list for PBXNativeTarget "Cards" */;
			buildPhases = (
				AA53FE4CA40DE2880F68D3AD /* [CP] Check Pods Manifest.lock */,
				FAE0960321ADD35D005D70E8 /* Sources */,
				FAE0960421ADD35D005D70E8 /* Frameworks */,
				FAE0960521ADD35D005D70E8 /* Resources */,
				F0CCA0727D43CB0E69C92EDB /* [CP] Embed Pods Frameworks */,
			);
			buildRules = (
			);
			dependencies = (
			);
			name = Cards;
			productName = Cards;
			productReference = FAE0960721ADD35E005D70E8 /* Cards.app */;
			productType = "com.apple.product-type.application";
		};
/* End PBXNativeTarget section */

/* Begin PBXProject section */
		FAE095FF21ADD35D005D70E8 /* Project object */ = {
			isa = PBXProject;
			attributes = {
				LastSwiftUpdateCheck = 1010;
				LastUpgradeCheck = 1010;
				ORGANIZATIONNAME = Bern;
				TargetAttributes = {
					FAE0960621ADD35D005D70E8 = {
						CreatedOnToolsVersion = 10.1;
					};
				};
			};
			buildConfigurationList = FAE0960221ADD35D005D70E8 /* Build configuration list for PBXProject "Cards" */;
			compatibilityVersion = "Xcode 9.3";
			developmentRegion = en;
			hasScannedForEncodings = 0;
			knownRegions = (
				en,
				Base,
			);
			mainGroup = FAE095FE21ADD35D005D70E8;
			productRefGroup = FAE0960821ADD35E005D70E8 /* Products */;
			projectDirPath = "";
			projectRoot = "";
			targets = (
				FAE0960621ADD35D005D70E8 /* Cards */,
			);
		};
/* End PBXProject section */

/* Begin PBXResourcesBuildPhase section */
		FAE0960521ADD35D005D70E8 /* Resources */ = {
			isa = PBXResourcesBuildPhase;
			buildActionMask = 2147483647;
			files = (
				FAE0961521ADD361005D70E8 /* LaunchScreen.storyboard in Resources */,
				FAE0961221ADD361005D70E8 /* Assets.xcassets in Resources */,
				FAE0961021ADD35E005D70E8 /* Main.storyboard in Resources */,
			);
			runOnlyForDeploymentPostprocessing = 0;
		};
/* End PBXResourcesBuildPhase section */

/* Begin PBXShellScriptBuildPhase section */
		AA53FE4CA40DE2880F68D3AD /* [CP] Check Pods Manifest.lock */ = {
			isa = PBXShellScriptBuildPhase;
			buildActionMask = 2147483647;
			files = (
			);
			inputPaths = (
				"${PODS_PODFILE_DIR_PATH}/Podfile.lock",
				"${PODS_ROOT}/Manifest.lock",
			);
			name = "[CP] Check Pods Manifest.lock";
			outputPaths = (
				"$(DERIVED_FILE_DIR)/Pods-Cards-checkManifestLockResult.txt",
			);
			runOnlyForDeploymentPostprocessing = 0;
			shellPath = /bin/sh;
			shellScript = "diff \"${PODS_PODFILE_DIR_PATH}/Podfile.lock\" \"${PODS_ROOT}/Manifest.lock\" > /dev/null\nif [ $? != 0 ] ; then\n    # print error to STDERR\n    echo \"error: The sandbox is not in sync with the Podfile.lock. Run 'pod install' or update your CocoaPods installation.\" >&2\n    exit 1\nfi\n# This output is used by Xcode 'outputs' to avoid re-running this script phase.\necho \"SUCCESS\" > \"${SCRIPT_OUTPUT_FILE_0}\"\n";
			showEnvVarsInLog = 0;
		};
		F0CCA0727D43CB0E69C92EDB /* [CP] Embed Pods Frameworks */ = {
			isa = PBXShellScriptBuildPhase;
			buildActionMask = 2147483647;
			files = (
			);
			inputFileListPaths = (
				"${PODS_ROOT}/Target Support Files/Pods-Cards/Pods-Cards-frameworks-${CONFIGURATION}-input-files.xcfilelist",
			);
			name = "[CP] Embed Pods Frameworks";
			outputFileListPaths = (
				"${PODS_ROOT}/Target Support Files/Pods-Cards/Pods-Cards-frameworks-${CONFIGURATION}-output-files.xcfilelist",
			);
			runOnlyForDeploymentPostprocessing = 0;
			shellPath = /bin/sh;
			shellScript = "\"${PODS_ROOT}/Target Support Files/Pods-Cards/Pods-Cards-frameworks.sh\"\n";
			showEnvVarsInLog = 0;
		};
/* End PBXShellScriptBuildPhase section */

/* Begin PBXSourcesBuildPhase section */
		FAE0960321ADD35D005D70E8 /* Sources */ = {
			isa = PBXSourcesBuildPhase;
			buildActionMask = 2147483647;
			files = (
				FA0ECCA721ADDFC00075D0AC /* CardSearchViewController.swift in Sources */,
				FA0ECCA921AF2E060075D0AC /* Magic.swift in Sources */,
				FA0ECCAB21AF372F0075D0AC /* CardEntity.swift in Sources */,
				FAE0960B21ADD35E005D70E8 /* AppDelegate.swift in Sources */,
				FA0ECCAD21AF38890075D0AC /* CardTrackerModel.swift in Sources */,
				FA0ECCB021B082900075D0AC /* CardCell.swift in Sources */,
			);
			runOnlyForDeploymentPostprocessing = 0;
		};
/* End PBXSourcesBuildPhase section */

/* Begin PBXVariantGroup section */
		FAE0960E21ADD35E005D70E8 /* Main.storyboard */ = {
			isa = PBXVariantGroup;
			children = (
				FAE0960F21ADD35E005D70E8 /* Base */,
			);
			name = Main.storyboard;
			sourceTree = "<group>";
		};
		FAE0961321ADD361005D70E8 /* LaunchScreen.storyboard */ = {
			isa = PBXVariantGroup;
			children = (
				FAE0961421ADD361005D70E8 /* Base */,
			);
			name = LaunchScreen.storyboard;
			sourceTree = "<group>";
		};
/* End PBXVariantGroup section */

/* Begin XCBuildConfiguration section */
		FAE0961721ADD361005D70E8 /* Debug */ = {
			isa = XCBuildConfiguration;
			buildSettings = {
				ALWAYS_SEARCH_USER_PATHS = NO;
				CLANG_ANALYZER_NONNULL = YES;
				CLANG_ANALYZER_NUMBER_OBJECT_CONVERSION = YES_AGGRESSIVE;
				CLANG_CXX_LANGUAGE_STANDARD = "gnu++14";
				CLANG_CXX_LIBRARY = "libc++";
				CLANG_ENABLE_MODULES = YES;
				CLANG_ENABLE_OBJC_ARC = YES;
				CLANG_ENABLE_OBJC_WEAK = YES;
				CLANG_WARN_BLOCK_CAPTURE_AUTORELEASING = YES;
				CLANG_WARN_BOOL_CONVERSION = YES;
				CLANG_WARN_COMMA = YES;
				CLANG_WARN_CONSTANT_CONVERSION = YES;
				CLANG_WARN_DEPRECATED_OBJC_IMPLEMENTATIONS = YES;
				CLANG_WARN_DIRECT_OBJC_ISA_USAGE = YES_ERROR;
				CLANG_WARN_DOCUMENTATION_COMMENTS = YES;
				CLANG_WARN_EMPTY_BODY = YES;
				CLANG_WARN_ENUM_CONVERSION = YES;
				CLANG_WARN_INFINITE_RECURSION = YES;
				CLANG_WARN_INT_CONVERSION = YES;
				CLANG_WARN_NON_LITERAL_NULL_CONVERSION = YES;
				CLANG_WARN_OBJC_IMPLICIT_RETAIN_SELF = YES;
				CLANG_WARN_OBJC_LITERAL_CONVERSION = YES;
				CLANG_WARN_OBJC_ROOT_CLASS = YES_ERROR;
				CLANG_WARN_RANGE_LOOP_ANALYSIS = YES;
				CLANG_WARN_STRICT_PROTOTYPES = YES;
				CLANG_WARN_SUSPICIOUS_MOVE = YES;
				CLANG_WARN_UNGUARDED_AVAILABILITY = YES_AGGRESSIVE;
				CLANG_WARN_UNREACHABLE_CODE = YES;
				CLANG_WARN__DUPLICATE_METHOD_MATCH = YES;
				CODE_SIGN_IDENTITY = "iPhone Developer";
				COPY_PHASE_STRIP = NO;
				DEBUG_INFORMATION_FORMAT = dwarf;
				ENABLE_STRICT_OBJC_MSGSEND = YES;
				ENABLE_TESTABILITY = YES;
				GCC_C_LANGUAGE_STANDARD = gnu11;
				GCC_DYNAMIC_NO_PIC = NO;
				GCC_NO_COMMON_BLOCKS = YES;
				GCC_OPTIMIZATION_LEVEL = 0;
				GCC_PREPROCESSOR_DEFINITIONS = (
					"DEBUG=1",
					"$(inherited)",
				);
				GCC_WARN_64_TO_32_BIT_CONVERSION = YES;
				GCC_WARN_ABOUT_RETURN_TYPE = YES_ERROR;
				GCC_WARN_UNDECLARED_SELECTOR = YES;
				GCC_WARN_UNINITIALIZED_AUTOS = YES_AGGRESSIVE;
				GCC_WARN_UNUSED_FUNCTION = YES;
				GCC_WARN_UNUSED_VARIABLE = YES;
				IPHONEOS_DEPLOYMENT_TARGET = 12.1;
				MTL_ENABLE_DEBUG_INFO = INCLUDE_SOURCE;
				MTL_FAST_MATH = YES;
				ONLY_ACTIVE_ARCH = YES;
				SDKROOT = iphoneos;
				SWIFT_ACTIVE_COMPILATION_CONDITIONS = DEBUG;
				SWIFT_OPTIMIZATION_LEVEL = "-Onone";
			};
			name = Debug;
		};
		FAE0961821ADD361005D70E8 /* Release */ = {
			isa = XCBuildConfiguration;
			buildSettings = {
				ALWAYS_SEARCH_USER_PATHS = NO;
				CLANG_ANALYZER_NONNULL = YES;
				CLANG_ANALYZER_NUMBER_OBJECT_CONVERSION = YES_AGGRESSIVE;
				CLANG_CXX_LANGUAGE_STANDARD = "gnu++14";
				CLANG_CXX_LIBRARY = "libc++";
				CLANG_ENABLE_MODULES = YES;
				CLANG_ENABLE_OBJC_ARC = YES;
				CLANG_ENABLE_OBJC_WEAK = YES;
				CLANG_WARN_BLOCK_CAPTURE_AUTORELEASING = YES;
				CLANG_WARN_BOOL_CONVERSION = YES;
				CLANG_WARN_COMMA = YES;
				CLANG_WARN_CONSTANT_CONVERSION = YES;
				CLANG_WARN_DEPRECATED_OBJC_IMPLEMENTATIONS = YES;
				CLANG_WARN_DIRECT_OBJC_ISA_USAGE = YES_ERROR;
				CLANG_WARN_DOCUMENTATION_COMMENTS = YES;
				CLANG_WARN_EMPTY_BODY = YES;
				CLANG_WARN_ENUM_CONVERSION = YES;
				CLANG_WARN_INFINITE_RECURSION = YES;
				CLANG_WARN_INT_CONVERSION = YES;
				CLANG_WARN_NON_LITERAL_NULL_CONVERSION = YES;
				CLANG_WARN_OBJC_IMPLICIT_RETAIN_SELF = YES;
				CLANG_WARN_OBJC_LITERAL_CONVERSION = YES;
				CLANG_WARN_OBJC_ROOT_CLASS = YES_ERROR;
				CLANG_WARN_RANGE_LOOP_ANALYSIS = YES;
				CLANG_WARN_STRICT_PROTOTYPES = YES;
				CLANG_WARN_SUSPICIOUS_MOVE = YES;
				CLANG_WARN_UNGUARDED_AVAILABILITY = YES_AGGRESSIVE;
				CLANG_WARN_UNREACHABLE_CODE = YES;
				CLANG_WARN__DUPLICATE_METHOD_MATCH = YES;
				CODE_SIGN_IDENTITY = "iPhone Developer";
				COPY_PHASE_STRIP = NO;
				DEBUG_INFORMATION_FORMAT = "dwarf-with-dsym";
				ENABLE_NS_ASSERTIONS = NO;
				ENABLE_STRICT_OBJC_MSGSEND = YES;
				GCC_C_LANGUAGE_STANDARD = gnu11;
				GCC_NO_COMMON_BLOCKS = YES;
				GCC_WARN_64_TO_32_BIT_CONVERSION = YES;
				GCC_WARN_ABOUT_RETURN_TYPE = YES_ERROR;
				GCC_WARN_UNDECLARED_SELECTOR = YES;
				GCC_WARN_UNINITIALIZED_AUTOS = YES_AGGRESSIVE;
				GCC_WARN_UNUSED_FUNCTION = YES;
				GCC_WARN_UNUSED_VARIABLE = YES;
				IPHONEOS_DEPLOYMENT_TARGET = 12.1;
				MTL_ENABLE_DEBUG_INFO = NO;
				MTL_FAST_MATH = YES;
				SDKROOT = iphoneos;
				SWIFT_COMPILATION_MODE = wholemodule;
				SWIFT_OPTIMIZATION_LEVEL = "-O";
				VALIDATE_PRODUCT = YES;
			};
			name = Release;
		};
		FAE0961A21ADD361005D70E8 /* Debug */ = {
			isa = XCBuildConfiguration;
			baseConfigurationReference = 1213FD95FEFCC53EA1C5723E /* Pods-Cards.debug.xcconfig */;
			buildSettings = {
				ASSETCATALOG_COMPILER_APPICON_NAME = AppIcon;
				CODE_SIGN_STYLE = Automatic;
				DEVELOPMENT_TEAM = HPPU73C57K;
				INFOPLIST_FILE = Cards/Info.plist;
				LD_RUNPATH_SEARCH_PATHS = (
					"$(inherited)",
					"@executable_path/Frameworks",
				);
				PRODUCT_BUNDLE_IDENTIFIER = Bern.Cards;
				PRODUCT_NAME = "$(TARGET_NAME)";
				SWIFT_VERSION = 4.2;
				TARGETED_DEVICE_FAMILY = "1,2";
			};
			name = Debug;
		};
		FAE0961B21ADD361005D70E8 /* Release */ = {
			isa = XCBuildConfiguration;
			baseConfigurationReference = FF473C2B85D4D02D6A0EBCAA /* Pods-Cards.release.xcconfig */;
			buildSettings = {
				ASSETCATALOG_COMPILER_APPICON_NAME = AppIcon;
				CODE_SIGN_STYLE = Automatic;
				DEVELOPMENT_TEAM = HPPU73C57K;
				INFOPLIST_FILE = Cards/Info.plist;
				LD_RUNPATH_SEARCH_PATHS = (
					"$(inherited)",
					"@executable_path/Frameworks",
				);
				PRODUCT_BUNDLE_IDENTIFIER = Bern.Cards;
				PRODUCT_NAME = "$(TARGET_NAME)";
				SWIFT_VERSION = 4.2;
				TARGETED_DEVICE_FAMILY = "1,2";
			};
			name = Release;
		};
/* End XCBuildConfiguration section */

/* Begin XCConfigurationList section */
		FAE0960221ADD35D005D70E8 /* Build configuration list for PBXProject "Cards" */ = {
			isa = XCConfigurationList;
			buildConfigurations = (
				FAE0961721ADD361005D70E8 /* Debug */,
				FAE0961821ADD361005D70E8 /* Release */,
			);
			defaultConfigurationIsVisible = 0;
			defaultConfigurationName = Release;
		};
		FAE0961921ADD361005D70E8 /* Build configuration list for PBXNativeTarget "Cards" */ = {
			isa = XCConfigurationList;
			buildConfigurations = (
				FAE0961A21ADD361005D70E8 /* Debug */,
				FAE0961B21ADD361005D70E8 /* Release */,
			);
			defaultConfigurationIsVisible = 0;
			defaultConfigurationName = Release;
		};
/* End XCConfigurationList section */
	};
	rootObject = FAE095FF21ADD35D005D70E8 /* Project object */;
}
